// !$*UTF8*$!
{
	archiveVersion = 1;
	classes = {
	};
	objectVersion = 56;
	objects = {

/* Begin PBXBuildFile section */
		130B9A902AAB45BE0076DACA /* PortfolioContainer.xcdatamodeld in Sources */ = {isa = PBXBuildFile; fileRef = 130B9A8E2AAB45BE0076DACA /* PortfolioContainer.xcdatamodeld */; };
		130B9A922AAB466C0076DACA /* PortfolioDataService.swift in Sources */ = {isa = PBXBuildFile; fileRef = 130B9A912AAB466C0076DACA /* PortfolioDataService.swift */; };
		130B9A972AAB8BAF0076DACA /* DetailView.swift in Sources */ = {isa = PBXBuildFile; fileRef = 130B9A962AAB8BAF0076DACA /* DetailView.swift */; };
		130B9A992AABA5670076DACA /* CoinDetailModel.swift in Sources */ = {isa = PBXBuildFile; fileRef = 130B9A982AABA5670076DACA /* CoinDetailModel.swift */; };
		130B9A9B2AABA9090076DACA /* DetailViewModel.swift in Sources */ = {isa = PBXBuildFile; fileRef = 130B9A9A2AABA9090076DACA /* DetailViewModel.swift */; };
		130B9A9D2AABA9370076DACA /* CoinDetailDataService.swift in Sources */ = {isa = PBXBuildFile; fileRef = 130B9A9C2AABA9370076DACA /* CoinDetailDataService.swift */; };
		131A6D862A6CFBB1002A600E /* CapstoneApp.swift in Sources */ = {isa = PBXBuildFile; fileRef = 131A6D852A6CFBB1002A600E /* CapstoneApp.swift */; };
		131A6D8D2A6CFBB1002A600E /* Preview Assets.xcassets in Resources */ = {isa = PBXBuildFile; fileRef = 131A6D8C2A6CFBB1002A600E /* Preview Assets.xcassets */; };
		131A6D942A6CFCCD002A600E /* Assets.xcassets in Resources */ = {isa = PBXBuildFile; fileRef = 131A6D932A6CFCCD002A600E /* Assets.xcassets */; };
		131A6D972A6CFEA4002A600E /* Color.swift in Sources */ = {isa = PBXBuildFile; fileRef = 131A6D962A6CFEA4002A600E /* Color.swift */; };
		131A6D9D2A6D0292002A600E /* HomeView.swift in Sources */ = {isa = PBXBuildFile; fileRef = 131A6D9C2A6D0292002A600E /* HomeView.swift */; };
		131A6DA12A6D045A002A600E /* CircleButtonView.swift in Sources */ = {isa = PBXBuildFile; fileRef = 131A6DA02A6D045A002A600E /* CircleButtonView.swift */; };
		131A6DA32A6D0952002A600E /* Animation.swift in Sources */ = {isa = PBXBuildFile; fileRef = 131A6DA22A6D0952002A600E /* Animation.swift */; };
		131A6DA52A6D0AE1002A600E /* CircleButtonAnimationView.swift in Sources */ = {isa = PBXBuildFile; fileRef = 131A6DA42A6D0AE1002A600E /* CircleButtonAnimationView.swift */; };
		131A6DA92A6D13AA002A600E /* CoinModel.swift in Sources */ = {isa = PBXBuildFile; fileRef = 131A6DA82A6D13AA002A600E /* CoinModel.swift */; };
		131A6DAB2A6D231F002A600E /* CoinRowView.swift in Sources */ = {isa = PBXBuildFile; fileRef = 131A6DAA2A6D231F002A600E /* CoinRowView.swift */; };
		131A6DAF2A6D249D002A600E /* PreviewProvider.swift in Sources */ = {isa = PBXBuildFile; fileRef = 131A6DAE2A6D249D002A600E /* PreviewProvider.swift */; };
		131A6DB12A6D2739002A600E /* Double.swift in Sources */ = {isa = PBXBuildFile; fileRef = 131A6DB02A6D2739002A600E /* Double.swift */; };
		131A6DB32A6D2F9A002A600E /* HomeViewModel.swift in Sources */ = {isa = PBXBuildFile; fileRef = 131A6DB22A6D2F9A002A600E /* HomeViewModel.swift */; };
		131A6DB62A6D35DF002A600E /* CoinDataService.swift in Sources */ = {isa = PBXBuildFile; fileRef = 131A6DB52A6D35DF002A600E /* CoinDataService.swift */; };
		1339673C2AAC6C860034A9DD /* ChartView.swift in Sources */ = {isa = PBXBuildFile; fileRef = 1339673B2AAC6C860034A9DD /* ChartView.swift */; };
		1339673E2AAC734C0034A9DD /* Date.swift in Sources */ = {isa = PBXBuildFile; fileRef = 1339673D2AAC734C0034A9DD /* Date.swift */; };
		133967402AAC8CB30034A9DD /* String.swift in Sources */ = {isa = PBXBuildFile; fileRef = 1339673F2AAC8CB30034A9DD /* String.swift */; };
		133967442AAC91CC0034A9DD /* SettingsView.swift in Sources */ = {isa = PBXBuildFile; fileRef = 133967432AAC91CC0034A9DD /* SettingsView.swift */; };
		133967482AAC9C750034A9DD /* LaunchScreen.storyboard in Resources */ = {isa = PBXBuildFile; fileRef = 133967472AAC9C750034A9DD /* LaunchScreen.storyboard */; };
		1339674A2AAC9E2E0034A9DD /* LaunchView.swift in Sources */ = {isa = PBXBuildFile; fileRef = 133967492AAC9E2E0034A9DD /* LaunchView.swift */; };
		134861B42A6E4FE2009A30C8 /* NetworkingManager.swift in Sources */ = {isa = PBXBuildFile; fileRef = 134861B32A6E4FE2009A30C8 /* NetworkingManager.swift */; };
		134861B72A6E563C009A30C8 /* CoinImageView.swift in Sources */ = {isa = PBXBuildFile; fileRef = 134861B62A6E563C009A30C8 /* CoinImageView.swift */; };
		134861B92A6E5816009A30C8 /* CoinImageService.swift in Sources */ = {isa = PBXBuildFile; fileRef = 134861B82A6E5816009A30C8 /* CoinImageService.swift */; };
		134861BB2A6E5A4D009A30C8 /* CoinImageViewModel.swift in Sources */ = {isa = PBXBuildFile; fileRef = 134861BA2A6E5A4D009A30C8 /* CoinImageViewModel.swift */; };
		135B41D02AB495A10098C432 /* User.swift in Sources */ = {isa = PBXBuildFile; fileRef = 135B41CF2AB495A10098C432 /* User.swift */; };
		135B41D22AB49C5B0098C432 /* AccountMoneyView.swift in Sources */ = {isa = PBXBuildFile; fileRef = 135B41D12AB49C5B0098C432 /* AccountMoneyView.swift */; };
		135B41DB2AB5A4F70098C432 /* LoginView.swift in Sources */ = {isa = PBXBuildFile; fileRef = 135B41DA2AB5A4F70098C432 /* LoginView.swift */; };
		136829BE2A7FBC1B00A57604 /* StatisticModel.swift in Sources */ = {isa = PBXBuildFile; fileRef = 136829BD2A7FBC1B00A57604 /* StatisticModel.swift */; };
		136829C02A7FBD2F00A57604 /* StatisticView.swift in Sources */ = {isa = PBXBuildFile; fileRef = 136829BF2A7FBD2F00A57604 /* StatisticView.swift */; };
		136829C22A7FC02700A57604 /* HomeStatsView.swift in Sources */ = {isa = PBXBuildFile; fileRef = 136829C12A7FC02700A57604 /* HomeStatsView.swift */; };
		136829C42A7FC42000A57604 /* MarketDataModel.swift in Sources */ = {isa = PBXBuildFile; fileRef = 136829C32A7FC42000A57604 /* MarketDataModel.swift */; };
		136829C62A7FC75E00A57604 /* MarketDataService.swift in Sources */ = {isa = PBXBuildFile; fileRef = 136829C52A7FC75E00A57604 /* MarketDataService.swift */; };
		13A7651F2AB710C0003F0A16 /* WalletDataService.swift in Sources */ = {isa = PBXBuildFile; fileRef = 13A7651E2AB710BF003F0A16 /* WalletDataService.swift */; };
		13CB8C112A6E6E95004FDC4D /* LocalFileManager.swift in Sources */ = {isa = PBXBuildFile; fileRef = 13CB8C102A6E6E95004FDC4D /* LocalFileManager.swift */; };
		13CB8C132A6E75A3004FDC4D /* SearchBarView.swift in Sources */ = {isa = PBXBuildFile; fileRef = 13CB8C122A6E75A3004FDC4D /* SearchBarView.swift */; };
		13CB8C152A6E7B2C004FDC4D /* UIApplication.swift in Sources */ = {isa = PBXBuildFile; fileRef = 13CB8C142A6E7B2C004FDC4D /* UIApplication.swift */; };
		13CB9A9A2AC6D619000779A7 /* ArtistAccountMoneyView.swift in Sources */ = {isa = PBXBuildFile; fileRef = 13CB9A992AC6D619000779A7 /* ArtistAccountMoneyView.swift */; };
		13E848932A8266A2004026E5 /* PortfolioView.swift in Sources */ = {isa = PBXBuildFile; fileRef = 13E848922A8266A2004026E5 /* PortfolioView.swift */; };
		13E848952A826997004026E5 /* XMarkButton.swift in Sources */ = {isa = PBXBuildFile; fileRef = 13E848942A826997004026E5 /* XMarkButton.swift */; };
		13EBF5432AB5D09700EBCF12 /* BuyAndSellView.swift in Sources */ = {isa = PBXBuildFile; fileRef = 13EBF5422AB5D09700EBCF12 /* BuyAndSellView.swift */; };
		13EBF5452AB6127500EBCF12 /* BuyAndSellViewModel.swift in Sources */ = {isa = PBXBuildFile; fileRef = 13EBF5442AB6127500EBCF12 /* BuyAndSellViewModel.swift */; };
		13EBF54D2AB6417B00EBCF12 /* RegistrationView.swift in Sources */ = {isa = PBXBuildFile; fileRef = 13EBF54C2AB6417B00EBCF12 /* RegistrationView.swift */; };
		13FEEF042AA9F8CB00A23094 /* CoinLogoView.swift in Sources */ = {isa = PBXBuildFile; fileRef = 13FEEF032AA9F8CB00A23094 /* CoinLogoView.swift */; };
/* End PBXBuildFile section */

/* Begin PBXFileReference section */
		130B9A8F2AAB45BE0076DACA /* PortfolioContainer.xcdatamodel */ = {isa = PBXFileReference; lastKnownFileType = wrapper.xcdatamodel; path = PortfolioContainer.xcdatamodel; sourceTree = "<group>"; };
		130B9A912AAB466C0076DACA /* PortfolioDataService.swift */ = {isa = PBXFileReference; lastKnownFileType = sourcecode.swift; path = PortfolioDataService.swift; sourceTree = "<group>"; };
		130B9A962AAB8BAF0076DACA /* DetailView.swift */ = {isa = PBXFileReference; lastKnownFileType = sourcecode.swift; path = DetailView.swift; sourceTree = "<group>"; };
		130B9A982AABA5670076DACA /* CoinDetailModel.swift */ = {isa = PBXFileReference; lastKnownFileType = sourcecode.swift; path = CoinDetailModel.swift; sourceTree = "<group>"; };
		130B9A9A2AABA9090076DACA /* DetailViewModel.swift */ = {isa = PBXFileReference; lastKnownFileType = sourcecode.swift; path = DetailViewModel.swift; sourceTree = "<group>"; };
		130B9A9C2AABA9370076DACA /* CoinDetailDataService.swift */ = {isa = PBXFileReference; lastKnownFileType = sourcecode.swift; path = CoinDetailDataService.swift; sourceTree = "<group>"; };
		131A6D822A6CFBB1002A600E /* Capstone.app */ = {isa = PBXFileReference; explicitFileType = wrapper.application; includeInIndex = 0; path = Capstone.app; sourceTree = BUILT_PRODUCTS_DIR; };
		131A6D852A6CFBB1002A600E /* CapstoneApp.swift */ = {isa = PBXFileReference; lastKnownFileType = sourcecode.swift; path = CapstoneApp.swift; sourceTree = "<group>"; };
		131A6D8C2A6CFBB1002A600E /* Preview Assets.xcassets */ = {isa = PBXFileReference; lastKnownFileType = folder.assetcatalog; path = "Preview Assets.xcassets"; sourceTree = "<group>"; };
		131A6D932A6CFCCD002A600E /* Assets.xcassets */ = {isa = PBXFileReference; lastKnownFileType = folder.assetcatalog; path = Assets.xcassets; sourceTree = "<group>"; };
		131A6D962A6CFEA4002A600E /* Color.swift */ = {isa = PBXFileReference; lastKnownFileType = sourcecode.swift; path = Color.swift; sourceTree = "<group>"; };
		131A6D9C2A6D0292002A600E /* HomeView.swift */ = {isa = PBXFileReference; lastKnownFileType = sourcecode.swift; path = HomeView.swift; sourceTree = "<group>"; };
		131A6DA02A6D045A002A600E /* CircleButtonView.swift */ = {isa = PBXFileReference; lastKnownFileType = sourcecode.swift; path = CircleButtonView.swift; sourceTree = "<group>"; };
		131A6DA22A6D0952002A600E /* Animation.swift */ = {isa = PBXFileReference; lastKnownFileType = sourcecode.swift; path = Animation.swift; sourceTree = "<group>"; };
		131A6DA42A6D0AE1002A600E /* CircleButtonAnimationView.swift */ = {isa = PBXFileReference; lastKnownFileType = sourcecode.swift; path = CircleButtonAnimationView.swift; sourceTree = "<group>"; };
		131A6DA82A6D13AA002A600E /* CoinModel.swift */ = {isa = PBXFileReference; lastKnownFileType = sourcecode.swift; path = CoinModel.swift; sourceTree = "<group>"; };
		131A6DAA2A6D231F002A600E /* CoinRowView.swift */ = {isa = PBXFileReference; lastKnownFileType = sourcecode.swift; path = CoinRowView.swift; sourceTree = "<group>"; };
		131A6DAE2A6D249D002A600E /* PreviewProvider.swift */ = {isa = PBXFileReference; fileEncoding = 4; lastKnownFileType = sourcecode.swift; path = PreviewProvider.swift; sourceTree = "<group>"; };
		131A6DB02A6D2739002A600E /* Double.swift */ = {isa = PBXFileReference; lastKnownFileType = sourcecode.swift; path = Double.swift; sourceTree = "<group>"; };
		131A6DB22A6D2F9A002A600E /* HomeViewModel.swift */ = {isa = PBXFileReference; lastKnownFileType = sourcecode.swift; path = HomeViewModel.swift; sourceTree = "<group>"; };
		131A6DB52A6D35DF002A600E /* CoinDataService.swift */ = {isa = PBXFileReference; lastKnownFileType = sourcecode.swift; path = CoinDataService.swift; sourceTree = "<group>"; };
		1339673B2AAC6C860034A9DD /* ChartView.swift */ = {isa = PBXFileReference; lastKnownFileType = sourcecode.swift; path = ChartView.swift; sourceTree = "<group>"; };
		1339673D2AAC734C0034A9DD /* Date.swift */ = {isa = PBXFileReference; lastKnownFileType = sourcecode.swift; path = Date.swift; sourceTree = "<group>"; };
		1339673F2AAC8CB30034A9DD /* String.swift */ = {isa = PBXFileReference; lastKnownFileType = sourcecode.swift; path = String.swift; sourceTree = "<group>"; };
		133967432AAC91CC0034A9DD /* SettingsView.swift */ = {isa = PBXFileReference; lastKnownFileType = sourcecode.swift; path = SettingsView.swift; sourceTree = "<group>"; };
		133967472AAC9C750034A9DD /* LaunchScreen.storyboard */ = {isa = PBXFileReference; lastKnownFileType = file.storyboard; path = LaunchScreen.storyboard; sourceTree = "<group>"; };
		133967492AAC9E2E0034A9DD /* LaunchView.swift */ = {isa = PBXFileReference; lastKnownFileType = sourcecode.swift; path = LaunchView.swift; sourceTree = "<group>"; };
		134861B32A6E4FE2009A30C8 /* NetworkingManager.swift */ = {isa = PBXFileReference; lastKnownFileType = sourcecode.swift; path = NetworkingManager.swift; sourceTree = "<group>"; };
		134861B62A6E563C009A30C8 /* CoinImageView.swift */ = {isa = PBXFileReference; lastKnownFileType = sourcecode.swift; path = CoinImageView.swift; sourceTree = "<group>"; };
		134861B82A6E5816009A30C8 /* CoinImageService.swift */ = {isa = PBXFileReference; lastKnownFileType = sourcecode.swift; path = CoinImageService.swift; sourceTree = "<group>"; };
		134861BA2A6E5A4D009A30C8 /* CoinImageViewModel.swift */ = {isa = PBXFileReference; lastKnownFileType = sourcecode.swift; path = CoinImageViewModel.swift; sourceTree = "<group>"; };
		135B41CF2AB495A10098C432 /* User.swift */ = {isa = PBXFileReference; lastKnownFileType = sourcecode.swift; path = User.swift; sourceTree = "<group>"; };
		135B41D12AB49C5B0098C432 /* AccountMoneyView.swift */ = {isa = PBXFileReference; lastKnownFileType = sourcecode.swift; path = AccountMoneyView.swift; sourceTree = "<group>"; };
		135B41DA2AB5A4F70098C432 /* LoginView.swift */ = {isa = PBXFileReference; lastKnownFileType = sourcecode.swift; path = LoginView.swift; sourceTree = "<group>"; };
		136829BD2A7FBC1B00A57604 /* StatisticModel.swift */ = {isa = PBXFileReference; lastKnownFileType = sourcecode.swift; path = StatisticModel.swift; sourceTree = "<group>"; };
		136829BF2A7FBD2F00A57604 /* StatisticView.swift */ = {isa = PBXFileReference; lastKnownFileType = sourcecode.swift; path = StatisticView.swift; sourceTree = "<group>"; };
		136829C12A7FC02700A57604 /* HomeStatsView.swift */ = {isa = PBXFileReference; lastKnownFileType = sourcecode.swift; path = HomeStatsView.swift; sourceTree = "<group>"; };
		136829C32A7FC42000A57604 /* MarketDataModel.swift */ = {isa = PBXFileReference; lastKnownFileType = sourcecode.swift; path = MarketDataModel.swift; sourceTree = "<group>"; };
		136829C52A7FC75E00A57604 /* MarketDataService.swift */ = {isa = PBXFileReference; lastKnownFileType = sourcecode.swift; path = MarketDataService.swift; sourceTree = "<group>"; };
		13A7651E2AB710BF003F0A16 /* WalletDataService.swift */ = {isa = PBXFileReference; lastKnownFileType = sourcecode.swift; path = WalletDataService.swift; sourceTree = "<group>"; };
		13CB8C102A6E6E95004FDC4D /* LocalFileManager.swift */ = {isa = PBXFileReference; lastKnownFileType = sourcecode.swift; path = LocalFileManager.swift; sourceTree = "<group>"; };
		13CB8C122A6E75A3004FDC4D /* SearchBarView.swift */ = {isa = PBXFileReference; lastKnownFileType = sourcecode.swift; path = SearchBarView.swift; sourceTree = "<group>"; };
		13CB8C142A6E7B2C004FDC4D /* UIApplication.swift */ = {isa = PBXFileReference; lastKnownFileType = sourcecode.swift; path = UIApplication.swift; sourceTree = "<group>"; };
		13CB9A992AC6D619000779A7 /* ArtistAccountMoneyView.swift */ = {isa = PBXFileReference; lastKnownFileType = sourcecode.swift; path = ArtistAccountMoneyView.swift; sourceTree = "<group>"; };
		13E848922A8266A2004026E5 /* PortfolioView.swift */ = {isa = PBXFileReference; lastKnownFileType = sourcecode.swift; path = PortfolioView.swift; sourceTree = "<group>"; };
		13E848942A826997004026E5 /* XMarkButton.swift */ = {isa = PBXFileReference; lastKnownFileType = sourcecode.swift; path = XMarkButton.swift; sourceTree = "<group>"; };
		13EBF5422AB5D09700EBCF12 /* BuyAndSellView.swift */ = {isa = PBXFileReference; lastKnownFileType = sourcecode.swift; path = BuyAndSellView.swift; sourceTree = "<group>"; };
		13EBF5442AB6127500EBCF12 /* BuyAndSellViewModel.swift */ = {isa = PBXFileReference; lastKnownFileType = sourcecode.swift; path = BuyAndSellViewModel.swift; sourceTree = "<group>"; };
		13EBF54C2AB6417B00EBCF12 /* RegistrationView.swift */ = {isa = PBXFileReference; lastKnownFileType = sourcecode.swift; path = RegistrationView.swift; sourceTree = "<group>"; };
		13FEEF032AA9F8CB00A23094 /* CoinLogoView.swift */ = {isa = PBXFileReference; lastKnownFileType = sourcecode.swift; path = CoinLogoView.swift; sourceTree = "<group>"; };
		13FEEF052AAAFA5000A23094 /* Info.plist */ = {isa = PBXFileReference; lastKnownFileType = text.plist; path = Info.plist; sourceTree = "<group>"; };
/* End PBXFileReference section */

/* Begin PBXFrameworksBuildPhase section */
		131A6D7F2A6CFBB1002A600E /* Frameworks */ = {
			isa = PBXFrameworksBuildPhase;
			buildActionMask = 2147483647;
			files = (
			);
			runOnlyForDeploymentPostprocessing = 0;
		};
/* End PBXFrameworksBuildPhase section */

/* Begin PBXGroup section */
		130B9A932AAB7A7E0076DACA /* Detail */ = {
			isa = PBXGroup;
			children = (
				130B9A942AAB7B3D0076DACA /* Views */,
				130B9A952AAB7B430076DACA /* ViewModels */,
			);
			path = Detail;
			sourceTree = "<group>";
		};
		130B9A942AAB7B3D0076DACA /* Views */ = {
			isa = PBXGroup;
			children = (
				130B9A962AAB8BAF0076DACA /* DetailView.swift */,
				1339673B2AAC6C860034A9DD /* ChartView.swift */,
				13EBF5422AB5D09700EBCF12 /* BuyAndSellView.swift */,
			);
			path = Views;
			sourceTree = "<group>";
		};
		130B9A952AAB7B430076DACA /* ViewModels */ = {
			isa = PBXGroup;
			children = (
				130B9A9A2AABA9090076DACA /* DetailViewModel.swift */,
				13EBF5442AB6127500EBCF12 /* BuyAndSellViewModel.swift */,
			);
			path = ViewModels;
			sourceTree = "<group>";
		};
		131A6D792A6CFBB1002A600E = {
			isa = PBXGroup;
			children = (
				131A6D842A6CFBB1002A600E /* Capstone */,
				131A6D832A6CFBB1002A600E /* Products */,
			);
			sourceTree = "<group>";
		};
		131A6D832A6CFBB1002A600E /* Products */ = {
			isa = PBXGroup;
			children = (
				131A6D822A6CFBB1002A600E /* Capstone.app */,
			);
			name = Products;
			sourceTree = "<group>";
		};
		131A6D842A6CFBB1002A600E /* Capstone */ = {
			isa = PBXGroup;
			children = (
				13FEEF052AAAFA5000A23094 /* Info.plist */,
				131A6D852A6CFBB1002A600E /* CapstoneApp.swift */,
				13CB8C0F2A6E6E79004FDC4D /* Utilities */,
				131A6D952A6CFE5C002A600E /* Extensions */,
				131A6DB42A6D35B4002A600E /* Services */,
				131A6DA72A6D138A002A600E /* Models */,
				131A6D982A6D0266002A600E /* Core */,
				131A6D932A6CFCCD002A600E /* Assets.xcassets */,
				131A6D8B2A6CFBB1002A600E /* Preview Content */,
			);
			path = Capstone;
			sourceTree = "<group>";
		};
		131A6D8B2A6CFBB1002A600E /* Preview Content */ = {
			isa = PBXGroup;
			children = (
				131A6D8C2A6CFBB1002A600E /* Preview Assets.xcassets */,
			);
			path = "Preview Content";
			sourceTree = "<group>";
		};
		131A6D952A6CFE5C002A600E /* Extensions */ = {
			isa = PBXGroup;
			children = (
				131A6DAE2A6D249D002A600E /* PreviewProvider.swift */,
				131A6D962A6CFEA4002A600E /* Color.swift */,
				131A6DA22A6D0952002A600E /* Animation.swift */,
				131A6DB02A6D2739002A600E /* Double.swift */,
				13CB8C142A6E7B2C004FDC4D /* UIApplication.swift */,
				1339673D2AAC734C0034A9DD /* Date.swift */,
				1339673F2AAC8CB30034A9DD /* String.swift */,
			);
			path = Extensions;
			sourceTree = "<group>";
		};
		131A6D982A6D0266002A600E /* Core */ = {
			isa = PBXGroup;
			children = (
				133967452AAC9C5D0034A9DD /* Launch */,
				131A6D9E2A6D043E002A600E /* Components */,
				131A6D992A6D026D002A600E /* Home */,
				130B9A932AAB7A7E0076DACA /* Detail */,
				135B41D32AB4D74F0098C432 /* Authorization */,
				133967412AAC91A00034A9DD /* Settings */,
			);
			path = Core;
			sourceTree = "<group>";
		};
		131A6D992A6D026D002A600E /* Home */ = {
			isa = PBXGroup;
			children = (
				131A6D9B2A6D0280002A600E /* ViewModels */,
				131A6D9A2A6D0279002A600E /* Views */,
			);
			path = Home;
			sourceTree = "<group>";
		};
		131A6D9A2A6D0279002A600E /* Views */ = {
			isa = PBXGroup;
			children = (
				131A6D9C2A6D0292002A600E /* HomeView.swift */,
				136829C12A7FC02700A57604 /* HomeStatsView.swift */,
				131A6DAA2A6D231F002A600E /* CoinRowView.swift */,
				13E848922A8266A2004026E5 /* PortfolioView.swift */,
				135B41D12AB49C5B0098C432 /* AccountMoneyView.swift */,
				13CB9A992AC6D619000779A7 /* ArtistAccountMoneyView.swift */,
			);
			path = Views;
			sourceTree = "<group>";
		};
		131A6D9B2A6D0280002A600E /* ViewModels */ = {
			isa = PBXGroup;
			children = (
				131A6DB22A6D2F9A002A600E /* HomeViewModel.swift */,
			);
			path = ViewModels;
			sourceTree = "<group>";
		};
		131A6D9E2A6D043E002A600E /* Components */ = {
			isa = PBXGroup;
			children = (
				134861B52A6E562D009A30C8 /* CoinImage */,
				131A6D9F2A6D0444002A600E /* CircleButton */,
				13CB8C122A6E75A3004FDC4D /* SearchBarView.swift */,
				136829BF2A7FBD2F00A57604 /* StatisticView.swift */,
				13E848942A826997004026E5 /* XMarkButton.swift */,
			);
			path = Components;
			sourceTree = "<group>";
		};
		131A6D9F2A6D0444002A600E /* CircleButton */ = {
			isa = PBXGroup;
			children = (
				131A6DA02A6D045A002A600E /* CircleButtonView.swift */,
				131A6DA42A6D0AE1002A600E /* CircleButtonAnimationView.swift */,
			);
			path = CircleButton;
			sourceTree = "<group>";
		};
		131A6DA72A6D138A002A600E /* Models */ = {
			isa = PBXGroup;
			children = (
				131A6DA82A6D13AA002A600E /* CoinModel.swift */,
				130B9A982AABA5670076DACA /* CoinDetailModel.swift */,
				136829BD2A7FBC1B00A57604 /* StatisticModel.swift */,
				136829C32A7FC42000A57604 /* MarketDataModel.swift */,
				135B41CF2AB495A10098C432 /* User.swift */,
				130B9A8E2AAB45BE0076DACA /* PortfolioContainer.xcdatamodeld */,
			);
			path = Models;
			sourceTree = "<group>";
		};
		131A6DB42A6D35B4002A600E /* Services */ = {
			isa = PBXGroup;
			children = (
				131A6DB52A6D35DF002A600E /* CoinDataService.swift */,
				130B9A9C2AABA9370076DACA /* CoinDetailDataService.swift */,
				134861B82A6E5816009A30C8 /* CoinImageService.swift */,
				136829C52A7FC75E00A57604 /* MarketDataService.swift */,
				130B9A912AAB466C0076DACA /* PortfolioDataService.swift */,
				13A7651E2AB710BF003F0A16 /* WalletDataService.swift */,
			);
			path = Services;
			sourceTree = "<group>";
		};
		133967412AAC91A00034A9DD /* Settings */ = {
			isa = PBXGroup;
			children = (
				133967422AAC91B00034A9DD /* Views */,
			);
			path = Settings;
			sourceTree = "<group>";
		};
		133967422AAC91B00034A9DD /* Views */ = {
			isa = PBXGroup;
			children = (
				133967432AAC91CC0034A9DD /* SettingsView.swift */,
			);
			path = Views;
			sourceTree = "<group>";
		};
		133967452AAC9C5D0034A9DD /* Launch */ = {
			isa = PBXGroup;
			children = (
				133967462AAC9C640034A9DD /* Views */,
			);
			path = Launch;
			sourceTree = "<group>";
		};
		133967462AAC9C640034A9DD /* Views */ = {
			isa = PBXGroup;
			children = (
				133967472AAC9C750034A9DD /* LaunchScreen.storyboard */,
				133967492AAC9E2E0034A9DD /* LaunchView.swift */,
			);
			path = Views;
			sourceTree = "<group>";
		};
		134861B52A6E562D009A30C8 /* CoinImage */ = {
			isa = PBXGroup;
			children = (
				134861B62A6E563C009A30C8 /* CoinImageView.swift */,
				134861BA2A6E5A4D009A30C8 /* CoinImageViewModel.swift */,
				13FEEF032AA9F8CB00A23094 /* CoinLogoView.swift */,
			);
			path = CoinImage;
			sourceTree = "<group>";
		};
		135B41D32AB4D74F0098C432 /* Authorization */ = {
			isa = PBXGroup;
			children = (
				135B41D42AB4D76C0098C432 /* Views */,
			);
			path = Authorization;
			sourceTree = "<group>";
		};
		135B41D42AB4D76C0098C432 /* Views */ = {
			isa = PBXGroup;
			children = (
				135B41DA2AB5A4F70098C432 /* LoginView.swift */,
				13EBF54C2AB6417B00EBCF12 /* RegistrationView.swift */,
			);
			path = Views;
			sourceTree = "<group>";
		};
		13CB8C0F2A6E6E79004FDC4D /* Utilities */ = {
			isa = PBXGroup;
			children = (
				134861B32A6E4FE2009A30C8 /* NetworkingManager.swift */,
				13CB8C102A6E6E95004FDC4D /* LocalFileManager.swift */,
			);
			path = Utilities;
			sourceTree = "<group>";
		};
/* End PBXGroup section */

/* Begin PBXNativeTarget section */
		131A6D812A6CFBB1002A600E /* Capstone */ = {
			isa = PBXNativeTarget;
			buildConfigurationList = 131A6D902A6CFBB1002A600E /* Build configuration list for PBXNativeTarget "Capstone" */;
			buildPhases = (
				131A6D7E2A6CFBB1002A600E /* Sources */,
				131A6D7F2A6CFBB1002A600E /* Frameworks */,
				131A6D802A6CFBB1002A600E /* Resources */,
			);
			buildRules = (
			);
			dependencies = (
			);
			name = Capstone;
			productName = Capstone;
			productReference = 131A6D822A6CFBB1002A600E /* Capstone.app */;
			productType = "com.apple.product-type.application";
		};
/* End PBXNativeTarget section */

/* Begin PBXProject section */
		131A6D7A2A6CFBB1002A600E /* Project object */ = {
			isa = PBXProject;
			attributes = {
				BuildIndependentTargetsInParallel = 1;
				LastSwiftUpdateCheck = 1430;
				LastUpgradeCheck = 1430;
				TargetAttributes = {
					131A6D812A6CFBB1002A600E = {
						CreatedOnToolsVersion = 14.3.1;
					};
				};
			};
			buildConfigurationList = 131A6D7D2A6CFBB1002A600E /* Build configuration list for PBXProject "Capstone" */;
			compatibilityVersion = "Xcode 14.0";
			developmentRegion = en;
			hasScannedForEncodings = 0;
			knownRegions = (
				en,
				Base,
			);
			mainGroup = 131A6D792A6CFBB1002A600E;
			productRefGroup = 131A6D832A6CFBB1002A600E /* Products */;
			projectDirPath = "";
			projectRoot = "";
			targets = (
				131A6D812A6CFBB1002A600E /* Capstone */,
			);
		};
/* End PBXProject section */

/* Begin PBXResourcesBuildPhase section */
		131A6D802A6CFBB1002A600E /* Resources */ = {
			isa = PBXResourcesBuildPhase;
			buildActionMask = 2147483647;
			files = (
				133967482AAC9C750034A9DD /* LaunchScreen.storyboard in Resources */,
				131A6D8D2A6CFBB1002A600E /* Preview Assets.xcassets in Resources */,
				131A6D942A6CFCCD002A600E /* Assets.xcassets in Resources */,
			);
			runOnlyForDeploymentPostprocessing = 0;
		};
/* End PBXResourcesBuildPhase section */

/* Begin PBXSourcesBuildPhase section */
		131A6D7E2A6CFBB1002A600E /* Sources */ = {
			isa = PBXSourcesBuildPhase;
			buildActionMask = 2147483647;
			files = (
				131A6DAB2A6D231F002A600E /* CoinRowView.swift in Sources */,
				13EBF5432AB5D09700EBCF12 /* BuyAndSellView.swift in Sources */,
				131A6DA52A6D0AE1002A600E /* CircleButtonAnimationView.swift in Sources */,
				1339673C2AAC6C860034A9DD /* ChartView.swift in Sources */,
				131A6D9D2A6D0292002A600E /* HomeView.swift in Sources */,
				131A6D862A6CFBB1002A600E /* CapstoneApp.swift in Sources */,
				136829C62A7FC75E00A57604 /* MarketDataService.swift in Sources */,
				1339673E2AAC734C0034A9DD /* Date.swift in Sources */,
				13FEEF042AA9F8CB00A23094 /* CoinLogoView.swift in Sources */,
				136829BE2A7FBC1B00A57604 /* StatisticModel.swift in Sources */,
				131A6DB62A6D35DF002A600E /* CoinDataService.swift in Sources */,
				13EBF54D2AB6417B00EBCF12 /* RegistrationView.swift in Sources */,
				136829C42A7FC42000A57604 /* MarketDataModel.swift in Sources */,
				130B9A922AAB466C0076DACA /* PortfolioDataService.swift in Sources */,
				131A6DA92A6D13AA002A600E /* CoinModel.swift in Sources */,
				131A6DA12A6D045A002A600E /* CircleButtonView.swift in Sources */,
				13EBF5452AB6127500EBCF12 /* BuyAndSellViewModel.swift in Sources */,
				136829C02A7FBD2F00A57604 /* StatisticView.swift in Sources */,
				1339674A2AAC9E2E0034A9DD /* LaunchView.swift in Sources */,
				13CB8C152A6E7B2C004FDC4D /* UIApplication.swift in Sources */,
				134861BB2A6E5A4D009A30C8 /* CoinImageViewModel.swift in Sources */,
				130B9A972AAB8BAF0076DACA /* DetailView.swift in Sources */,
				13E848952A826997004026E5 /* XMarkButton.swift in Sources */,
				131A6DB32A6D2F9A002A600E /* HomeViewModel.swift in Sources */,
				136829C22A7FC02700A57604 /* HomeStatsView.swift in Sources */,
				131A6DA32A6D0952002A600E /* Animation.swift in Sources */,
				13A7651F2AB710C0003F0A16 /* WalletDataService.swift in Sources */,
				13CB8C112A6E6E95004FDC4D /* LocalFileManager.swift in Sources */,
				13CB8C132A6E75A3004FDC4D /* SearchBarView.swift in Sources */,
				131A6D972A6CFEA4002A600E /* Color.swift in Sources */,
				135B41D02AB495A10098C432 /* User.swift in Sources */,
				130B9A902AAB45BE0076DACA /* PortfolioContainer.xcdatamodeld in Sources */,
				133967402AAC8CB30034A9DD /* String.swift in Sources */,
				134861B72A6E563C009A30C8 /* CoinImageView.swift in Sources */,
				13CB9A9A2AC6D619000779A7 /* ArtistAccountMoneyView.swift in Sources */,
				131A6DB12A6D2739002A600E /* Double.swift in Sources */,
				131A6DAF2A6D249D002A600E /* PreviewProvider.swift in Sources */,
				134861B92A6E5816009A30C8 /* CoinImageService.swift in Sources */,
				135B41D22AB49C5B0098C432 /* AccountMoneyView.swift in Sources */,
				130B9A992AABA5670076DACA /* CoinDetailModel.swift in Sources */,
				135B41DB2AB5A4F70098C432 /* LoginView.swift in Sources */,
				134861B42A6E4FE2009A30C8 /* NetworkingManager.swift in Sources */,
				130B9A9D2AABA9370076DACA /* CoinDetailDataService.swift in Sources */,
				130B9A9B2AABA9090076DACA /* DetailViewModel.swift in Sources */,
				13E848932A8266A2004026E5 /* PortfolioView.swift in Sources */,
				133967442AAC91CC0034A9DD /* SettingsView.swift in Sources */,
			);
			runOnlyForDeploymentPostprocessing = 0;
		};
/* End PBXSourcesBuildPhase section */

/* Begin XCBuildConfiguration section */
		131A6D8E2A6CFBB1002A600E /* Debug */ = {
			isa = XCBuildConfiguration;
			buildSettings = {
				ALWAYS_SEARCH_USER_PATHS = NO;
				CLANG_ANALYZER_NONNULL = YES;
				CLANG_ANALYZER_NUMBER_OBJECT_CONVERSION = YES_AGGRESSIVE;
				CLANG_CXX_LANGUAGE_STANDARD = "gnu++20";
				CLANG_ENABLE_MODULES = YES;
				CLANG_ENABLE_OBJC_ARC = YES;
				CLANG_ENABLE_OBJC_WEAK = YES;
				CLANG_WARN_BLOCK_CAPTURE_AUTORELEASING = YES;
				CLANG_WARN_BOOL_CONVERSION = YES;
				CLANG_WARN_COMMA = YES;
				CLANG_WARN_CONSTANT_CONVERSION = YES;
				CLANG_WARN_DEPRECATED_OBJC_IMPLEMENTATIONS = YES;
				CLANG_WARN_DIRECT_OBJC_ISA_USAGE = YES_ERROR;
				CLANG_WARN_DOCUMENTATION_COMMENTS = YES;
				CLANG_WARN_EMPTY_BODY = YES;
				CLANG_WARN_ENUM_CONVERSION = YES;
				CLANG_WARN_INFINITE_RECURSION = YES;
				CLANG_WARN_INT_CONVERSION = YES;
				CLANG_WARN_NON_LITERAL_NULL_CONVERSION = YES;
				CLANG_WARN_OBJC_IMPLICIT_RETAIN_SELF = YES;
				CLANG_WARN_OBJC_LITERAL_CONVERSION = YES;
				CLANG_WARN_OBJC_ROOT_CLASS = YES_ERROR;
				CLANG_WARN_QUOTED_INCLUDE_IN_FRAMEWORK_HEADER = YES;
				CLANG_WARN_RANGE_LOOP_ANALYSIS = YES;
				CLANG_WARN_STRICT_PROTOTYPES = YES;
				CLANG_WARN_SUSPICIOUS_MOVE = YES;
				CLANG_WARN_UNGUARDED_AVAILABILITY = YES_AGGRESSIVE;
				CLANG_WARN_UNREACHABLE_CODE = YES;
				CLANG_WARN__DUPLICATE_METHOD_MATCH = YES;
				COPY_PHASE_STRIP = NO;
				DEBUG_INFORMATION_FORMAT = dwarf;
				ENABLE_STRICT_OBJC_MSGSEND = YES;
				ENABLE_TESTABILITY = YES;
				GCC_C_LANGUAGE_STANDARD = gnu11;
				GCC_DYNAMIC_NO_PIC = NO;
				GCC_NO_COMMON_BLOCKS = YES;
				GCC_OPTIMIZATION_LEVEL = 0;
				GCC_PREPROCESSOR_DEFINITIONS = (
					"DEBUG=1",
					"$(inherited)",
				);
				GCC_WARN_64_TO_32_BIT_CONVERSION = YES;
				GCC_WARN_ABOUT_RETURN_TYPE = YES_ERROR;
				GCC_WARN_UNDECLARED_SELECTOR = YES;
				GCC_WARN_UNINITIALIZED_AUTOS = YES_AGGRESSIVE;
				GCC_WARN_UNUSED_FUNCTION = YES;
				GCC_WARN_UNUSED_VARIABLE = YES;
				IPHONEOS_DEPLOYMENT_TARGET = 16.4;
				MTL_ENABLE_DEBUG_INFO = INCLUDE_SOURCE;
				MTL_FAST_MATH = YES;
				ONLY_ACTIVE_ARCH = YES;
				SDKROOT = iphoneos;
				SWIFT_ACTIVE_COMPILATION_CONDITIONS = DEBUG;
				SWIFT_OPTIMIZATION_LEVEL = "-Onone";
			};
			name = Debug;
		};
		131A6D8F2A6CFBB1002A600E /* Release */ = {
			isa = XCBuildConfiguration;
			buildSettings = {
				ALWAYS_SEARCH_USER_PATHS = NO;
				CLANG_ANALYZER_NONNULL = YES;
				CLANG_ANALYZER_NUMBER_OBJECT_CONVERSION = YES_AGGRESSIVE;
				CLANG_CXX_LANGUAGE_STANDARD = "gnu++20";
				CLANG_ENABLE_MODULES = YES;
				CLANG_ENABLE_OBJC_ARC = YES;
				CLANG_ENABLE_OBJC_WEAK = YES;
				CLANG_WARN_BLOCK_CAPTURE_AUTORELEASING = YES;
				CLANG_WARN_BOOL_CONVERSION = YES;
				CLANG_WARN_COMMA = YES;
				CLANG_WARN_CONSTANT_CONVERSION = YES;
				CLANG_WARN_DEPRECATED_OBJC_IMPLEMENTATIONS = YES;
				CLANG_WARN_DIRECT_OBJC_ISA_USAGE = YES_ERROR;
				CLANG_WARN_DOCUMENTATION_COMMENTS = YES;
				CLANG_WARN_EMPTY_BODY = YES;
				CLANG_WARN_ENUM_CONVERSION = YES;
				CLANG_WARN_INFINITE_RECURSION = YES;
				CLANG_WARN_INT_CONVERSION = YES;
				CLANG_WARN_NON_LITERAL_NULL_CONVERSION = YES;
				CLANG_WARN_OBJC_IMPLICIT_RETAIN_SELF = YES;
				CLANG_WARN_OBJC_LITERAL_CONVERSION = YES;
				CLANG_WARN_OBJC_ROOT_CLASS = YES_ERROR;
				CLANG_WARN_QUOTED_INCLUDE_IN_FRAMEWORK_HEADER = YES;
				CLANG_WARN_RANGE_LOOP_ANALYSIS = YES;
				CLANG_WARN_STRICT_PROTOTYPES = YES;
				CLANG_WARN_SUSPICIOUS_MOVE = YES;
				CLANG_WARN_UNGUARDED_AVAILABILITY = YES_AGGRESSIVE;
				CLANG_WARN_UNREACHABLE_CODE = YES;
				CLANG_WARN__DUPLICATE_METHOD_MATCH = YES;
				COPY_PHASE_STRIP = NO;
				DEBUG_INFORMATION_FORMAT = "dwarf-with-dsym";
				ENABLE_NS_ASSERTIONS = NO;
				ENABLE_STRICT_OBJC_MSGSEND = YES;
				GCC_C_LANGUAGE_STANDARD = gnu11;
				GCC_NO_COMMON_BLOCKS = YES;
				GCC_WARN_64_TO_32_BIT_CONVERSION = YES;
				GCC_WARN_ABOUT_RETURN_TYPE = YES_ERROR;
				GCC_WARN_UNDECLARED_SELECTOR = YES;
				GCC_WARN_UNINITIALIZED_AUTOS = YES_AGGRESSIVE;
				GCC_WARN_UNUSED_FUNCTION = YES;
				GCC_WARN_UNUSED_VARIABLE = YES;
				IPHONEOS_DEPLOYMENT_TARGET = 16.4;
				MTL_ENABLE_DEBUG_INFO = NO;
				MTL_FAST_MATH = YES;
				SDKROOT = iphoneos;
				SWIFT_COMPILATION_MODE = wholemodule;
				SWIFT_OPTIMIZATION_LEVEL = "-O";
				VALIDATE_PRODUCT = YES;
			};
			name = Release;
		};
		131A6D912A6CFBB1002A600E /* Debug */ = {
			isa = XCBuildConfiguration;
			buildSettings = {
				ASSETCATALOG_COMPILER_APPICON_NAME = AppIcon;
				ASSETCATALOG_COMPILER_GLOBAL_ACCENT_COLOR_NAME = AccentColor;
				CODE_SIGN_STYLE = Automatic;
				CURRENT_PROJECT_VERSION = 1;
				DEVELOPMENT_ASSET_PATHS = "\"Capstone/Preview Content\"";
				DEVELOPMENT_TEAM = G8UZ3X8YY4;
				ENABLE_PREVIEWS = YES;
				GENERATE_INFOPLIST_FILE = YES;
				INFOPLIST_FILE = Capstone/Info.plist;
				INFOPLIST_KEY_CFBundleDisplayName = Royaltune;
				INFOPLIST_KEY_UIApplicationSceneManifest_Generation = YES;
				INFOPLIST_KEY_UIApplicationSupportsIndirectInputEvents = YES;
				INFOPLIST_KEY_UILaunchScreen_Generation = YES;
				INFOPLIST_KEY_UILaunchStoryboardName = LaunchScreen.storyboard;
				INFOPLIST_KEY_UISupportedInterfaceOrientations = UIInterfaceOrientationPortrait;
				INFOPLIST_KEY_UISupportedInterfaceOrientations_iPad = "UIInterfaceOrientationLandscapeLeft UIInterfaceOrientationLandscapeRight UIInterfaceOrientationPortrait UIInterfaceOrientationPortraitUpsideDown";
				IPHONEOS_DEPLOYMENT_TARGET = 16.4;
				LD_RUNPATH_SEARCH_PATHS = (
					"$(inherited)",
					"@executable_path/Frameworks",
				);
				MARKETING_VERSION = 1.0;
				PRODUCT_BUNDLE_IDENTIFIER = com.zulfkhar.Capstone;
				PRODUCT_NAME = "$(TARGET_NAME)";
				SUPPORTED_PLATFORMS = "iphoneos iphonesimulator";
				SUPPORTS_MACCATALYST = NO;
				SUPPORTS_MAC_DESIGNED_FOR_IPHONE_IPAD = NO;
				SWIFT_EMIT_LOC_STRINGS = YES;
				SWIFT_VERSION = 5.0;
				TARGETED_DEVICE_FAMILY = "1,2";
			};
			name = Debug;
		};
		131A6D922A6CFBB1002A600E /* Release */ = {
			isa = XCBuildConfiguration;
			buildSettings = {
				ASSETCATALOG_COMPILER_APPICON_NAME = AppIcon;
				ASSETCATALOG_COMPILER_GLOBAL_ACCENT_COLOR_NAME = AccentColor;
				CODE_SIGN_STYLE = Automatic;
				CURRENT_PROJECT_VERSION = 1;
				DEVELOPMENT_ASSET_PATHS = "\"Capstone/Preview Content\"";
				DEVELOPMENT_TEAM = G8UZ3X8YY4;
				ENABLE_PREVIEWS = YES;
				GENERATE_INFOPLIST_FILE = YES;
				INFOPLIST_FILE = Capstone/Info.plist;
				INFOPLIST_KEY_CFBundleDisplayName = Royaltune;
				INFOPLIST_KEY_UIApplicationSceneManifest_Generation = YES;
				INFOPLIST_KEY_UIApplicationSupportsIndirectInputEvents = YES;
				INFOPLIST_KEY_UILaunchScreen_Generation = YES;
				INFOPLIST_KEY_UILaunchStoryboardName = LaunchScreen.storyboard;
				INFOPLIST_KEY_UISupportedInterfaceOrientations = UIInterfaceOrientationPortrait;
				INFOPLIST_KEY_UISupportedInterfaceOrientations_iPad = "UIInterfaceOrientationLandscapeLeft UIInterfaceOrientationLandscapeRight UIInterfaceOrientationPortrait UIInterfaceOrientationPortraitUpsideDown";
				IPHONEOS_DEPLOYMENT_TARGET = 16.4;
				LD_RUNPATH_SEARCH_PATHS = (
					"$(inherited)",
					"@executable_path/Frameworks",
				);
				MARKETING_VERSION = 1.0;
				PRODUCT_BUNDLE_IDENTIFIER = com.zulfkhar.Capstone;
				PRODUCT_NAME = "$(TARGET_NAME)";
				SUPPORTED_PLATFORMS = "iphoneos iphonesimulator";
				SUPPORTS_MACCATALYST = NO;
				SUPPORTS_MAC_DESIGNED_FOR_IPHONE_IPAD = NO;
				SWIFT_EMIT_LOC_STRINGS = YES;
				SWIFT_VERSION = 5.0;
				TARGETED_DEVICE_FAMILY = "1,2";
			};
			name = Release;
		};
/* End XCBuildConfiguration section */

/* Begin XCConfigurationList section */
		131A6D7D2A6CFBB1002A600E /* Build configuration list for PBXProject "Capstone" */ = {
			isa = XCConfigurationList;
			buildConfigurations = (
				131A6D8E2A6CFBB1002A600E /* Debug */,
				131A6D8F2A6CFBB1002A600E /* Release */,
			);
			defaultConfigurationIsVisible = 0;
			defaultConfigurationName = Release;
		};
		131A6D902A6CFBB1002A600E /* Build configuration list for PBXNativeTarget "Capstone" */ = {
			isa = XCConfigurationList;
			buildConfigurations = (
				131A6D912A6CFBB1002A600E /* Debug */,
				131A6D922A6CFBB1002A600E /* Release */,
			);
			defaultConfigurationIsVisible = 0;
			defaultConfigurationName = Release;
		};
/* End XCConfigurationList section */

/* Begin XCVersionGroup section */
		130B9A8E2AAB45BE0076DACA /* PortfolioContainer.xcdatamodeld */ = {
			isa = XCVersionGroup;
			children = (
				130B9A8F2AAB45BE0076DACA /* PortfolioContainer.xcdatamodel */,
			);
			currentVersion = 130B9A8F2AAB45BE0076DACA /* PortfolioContainer.xcdatamodel */;
			path = PortfolioContainer.xcdatamodeld;
			sourceTree = "<group>";
			versionGroupType = wrapper.xcdatamodel;
		};
/* End XCVersionGroup section */
	};
	rootObject = 131A6D7A2A6CFBB1002A600E /* Project object */;
}
